
Microsoft Visual Studio Solution File, Format Version 12.00
# Visual Studio Version 17
VisualStudioVersion = 17.6.33829.357
MinimumVisualStudioVersion = 10.0.40219.1
Project("{FAE04EC0-301F-11D3-BF4B-00C04F79EFBC}") = "EjemploLlaveForanea", "EjemploLlaveForanea\EjemploLlaveForanea.csproj", "{D35BFEAE-0CF7-44E1-9E9F-FB52E495162A}"
EndProject
Global
	GlobalSection(SolutionConfigurationPlatforms) = preSolution
		Debug|Any CPU = Debug|Any CPU
		Release|Any CPU = Release|Any CPU
	EndGlobalSection
	GlobalSection(ProjectConfigurationPlatforms) = postSolution
		{D35BFEAE-0CF7-44E1-9E9F-FB52E495162A}.Debug|Any CPU.ActiveCfg = Debug|Any CPU
		{D35BFEAE-0CF7-44E1-9E9F-FB52E495162A}.Debug|Any CPU.Build.0 = Debug|Any CPU
		{D35BFEAE-0CF7-44E1-9E9F-FB52E495162A}.Release|Any CPU.ActiveCfg = Release|Any CPU
		{D35BFEAE-0CF7-44E1-9E9F-FB52E495162A}.Release|Any CPU.Build.0 = Release|Any CPU
	EndGlobalSection
	GlobalSection(SolutionProperties) = preSolution
		HideSolutionNode = FALSE
	EndGlobalSection
	GlobalSection(ExtensibilityGlobals) = postSolution
		SolutionGuid = {4E6A87E7-A978-4CA7-81AC-9EE4D4D93725}
	EndGlobalSection
EndGlobal
